
Microsoft Visual Studio Solution File, Format Version 12.00
# Visual Studio Version 16
VisualStudioVersion = 16.0.31727.386
MinimumVisualStudioVersion = 10.0.40219.1
Project("{FAE04EC0-301F-11D3-BF4B-00C04F79EFBC}") = "Harangus_Maria_Lab9", "Harangus_Maria_Lab9.csproj", "{2A4D11AF-E0C3-4C47-9CA1-B41C491DF93F}"
EndProject
Global
	GlobalSection(SolutionConfigurationPlatforms) = preSolution
		Debug|Any CPU = Debug|Any CPU
		Release|Any CPU = Release|Any CPU
	EndGlobalSection
	GlobalSection(ProjectConfigurationPlatforms) = postSolution
		{2A4D11AF-E0C3-4C47-9CA1-B41C491DF93F}.Debug|Any CPU.ActiveCfg = Debug|Any CPU
		{2A4D11AF-E0C3-4C47-9CA1-B41C491DF93F}.Debug|Any CPU.Build.0 = Debug|Any CPU
		{2A4D11AF-E0C3-4C47-9CA1-B41C491DF93F}.Release|Any CPU.ActiveCfg = Release|Any CPU
		{2A4D11AF-E0C3-4C47-9CA1-B41C491DF93F}.Release|Any CPU.Build.0 = Release|Any CPU
	EndGlobalSection
	GlobalSection(SolutionProperties) = preSolution
		HideSolutionNode = FALSE
	EndGlobalSection
	GlobalSection(ExtensibilityGlobals) = postSolution
		SolutionGuid = {D4CB274D-8C1C-4A82-98AA-98ED2FD6911C}
	EndGlobalSection
EndGlobal
